
Microsoft Visual Studio Solution File, Format Version 12.00
# Visual Studio Version 17
VisualStudioVersion = 17.11.35312.102
MinimumVisualStudioVersion = 10.0.40219.1
Project("{9A19103F-16F7-4668-BE54-9A1E7A4F7556}") = "Implement a Playlist Management System", "Implement a Playlist Management System.csproj", "{47EEA480-21C4-4657-9ADE-8B62A14C4C45}"
EndProject
Project("{9A19103F-16F7-4668-BE54-9A1E7A4F7556}") = "Playlist Management System Unit Tests", "..\Playlist Management System Unit Tests\Playlist Management System Unit Tests.csproj", "{5BFDF470-BC7C-47E9-8EA4-6324AF29E979}"
	ProjectSection(ProjectDependencies) = postProject
		{47EEA480-21C4-4657-9ADE-8B62A14C4C45} = {47EEA480-21C4-4657-9ADE-8B62A14C4C45}
	EndProjectSection
EndProject
Global
	GlobalSection(SolutionConfigurationPlatforms) = preSolution
		Debug|Any CPU = Debug|Any CPU
		Release|Any CPU = Release|Any CPU
	EndGlobalSection
	GlobalSection(ProjectConfigurationPlatforms) = postSolution
		{47EEA480-21C4-4657-9ADE-8B62A14C4C45}.Debug|Any CPU.ActiveCfg = Debug|Any CPU
		{47EEA480-21C4-4657-9ADE-8B62A14C4C45}.Debug|Any CPU.Build.0 = Debug|Any CPU
		{47EEA480-21C4-4657-9ADE-8B62A14C4C45}.Release|Any CPU.ActiveCfg = Release|Any CPU
		{47EEA480-21C4-4657-9ADE-8B62A14C4C45}.Release|Any CPU.Build.0 = Release|Any CPU
		{5BFDF470-BC7C-47E9-8EA4-6324AF29E979}.Debug|Any CPU.ActiveCfg = Debug|Any CPU
		{5BFDF470-BC7C-47E9-8EA4-6324AF29E979}.Debug|Any CPU.Build.0 = Debug|Any CPU
		{5BFDF470-BC7C-47E9-8EA4-6324AF29E979}.Release|Any CPU.ActiveCfg = Release|Any CPU
		{5BFDF470-BC7C-47E9-8EA4-6324AF29E979}.Release|Any CPU.Build.0 = Release|Any CPU
	EndGlobalSection
	GlobalSection(SolutionProperties) = preSolution
		HideSolutionNode = FALSE
	EndGlobalSection
	GlobalSection(ExtensibilityGlobals) = postSolution
		SolutionGuid = {4EA8F1B0-186B-42B2-9C84-78989EB66CE8}
	EndGlobalSection
EndGlobal
